Microsoft Visual Studio Solution File, Format Version 12.00
# Visual Studio Version 17
VisualStudioVersion = 17.5.2.0
MinimumVisualStudioVersion = 10.0.40219.1
Project("{FAE04EC0-301F-11D3-BF4B-00C04F79EFBC}") = "HospitalApp", "HospitalApp\HospitalApp.csproj", "{9DDFD46E-48D8-695B-C12C-EB55F92F65CB}"
EndProject
Global
	GlobalSection(SolutionConfigurationPlatforms) = preSolution
		Debug|Any CPU = Debug|Any CPU
		Release|Any CPU = Release|Any CPU
	EndGlobalSection
	GlobalSection(ProjectConfigurationPlatforms) = postSolution
		{9DDFD46E-48D8-695B-C12C-EB55F92F65CB}.Debug|Any CPU.ActiveCfg = Debug|Any CPU
		{9DDFD46E-48D8-695B-C12C-EB55F92F65CB}.Debug|Any CPU.Build.0 = Debug|Any CPU
		{9DDFD46E-48D8-695B-C12C-EB55F92F65CB}.Release|Any CPU.ActiveCfg = Release|Any CPU
		{9DDFD46E-48D8-695B-C12C-EB55F92F65CB}.Release|Any CPU.Build.0 = Release|Any CPU
	EndGlobalSection
	GlobalSection(SolutionProperties) = preSolution
		HideSolutionNode = FALSE
	EndGlobalSection
	GlobalSection(ExtensibilityGlobals) = postSolution
		SolutionGuid = {F965EC92-F1E7-4690-915D-05A936195C04}
	EndGlobalSection
EndGlobal
